
Microsoft Visual Studio Solution File, Format Version 12.00
# Visual Studio Version 17
VisualStudioVersion = 17.0.31912.275
MinimumVisualStudioVersion = 10.0.40219.1
Project("{FAE04EC0-301F-11D3-BF4B-00C04F79EFBC}") = "NPL.SMS", "NPL.SMS\NPL.SMS.csproj", "{59B81C9B-7684-473B-AE34-AAFB4EBC3BB0}"
EndProject
Global
	GlobalSection(SolutionConfigurationPlatforms) = preSolution
		Debug|Any CPU = Debug|Any CPU
		Release|Any CPU = Release|Any CPU
	EndGlobalSection
	GlobalSection(ProjectConfigurationPlatforms) = postSolution
		{59B81C9B-7684-473B-AE34-AAFB4EBC3BB0}.Debug|Any CPU.ActiveCfg = Debug|Any CPU
		{59B81C9B-7684-473B-AE34-AAFB4EBC3BB0}.Debug|Any CPU.Build.0 = Debug|Any CPU
		{59B81C9B-7684-473B-AE34-AAFB4EBC3BB0}.Release|Any CPU.ActiveCfg = Release|Any CPU
		{59B81C9B-7684-473B-AE34-AAFB4EBC3BB0}.Release|Any CPU.Build.0 = Release|Any CPU
	EndGlobalSection
	GlobalSection(SolutionProperties) = preSolution
		HideSolutionNode = FALSE
	EndGlobalSection
	GlobalSection(ExtensibilityGlobals) = postSolution
		SolutionGuid = {5385707B-8C70-48BD-A751-C144C88C4CC9}
	EndGlobalSection
EndGlobal
